<?xml version="1.0" encoding="utf-8"?>
<Project ToolsVersion="4.0" xmlns="http://schemas.microsoft.com/developer/msbuild/2003">
  <ItemGroup>
    <Filter Include="Source Files">
      <UniqueIdentifier>{4FC737F1-C7A5-4376-A066-2A32D752A2FF}</UniqueIdentifier>
      <Extensions>cpp;c;cc;cxx;c++;cppm;ixx;def;odl;idl;hpj;bat;asm;asmx</Extensions>
    </Filter>
    <Filter Include="Header Files">
      <UniqueIdentifier>{93995380-89BD-4b04-88EB-625FBE52EBFB}</UniqueIdentifier>
      <Extensions>h;hh;hpp;hxx;h++;hm;inl;inc;ipp;xsd</Extensions>
    </Filter>
    <Filter Include="Resource Files">
      <UniqueIdentifier>{67DA6AB6-F800-4c08-8B7A-83BB121AAD01}</UniqueIdentifier>
      <Extensions>rc;ico;cur;bmp;dlg;rc2;rct;bin;rgs;gif;jpg;jpeg;jpe;resx;tiff;tif;png;wav;mfcribbon-ms</Extensions>
    </Filter>
    <Filter Include="Filters">
      <UniqueIdentifier>{d28da2c3-4aa4-40ce-adaf-89b10154ed71}</UniqueIdentifier>
    </Filter>
    <Filter Include="Logger">
      <UniqueIdentifier>{eee49cdf-5031-408b-8716-5447420d0a08}</UniqueIdentifier>
    </Filter>
    <Filter Include="VideoSources">
      <UniqueIdentifier>{16ccf256-dd99-49c0-bb3a-3bf671e18fce}</UniqueIdentifier>
    </Filter>
    <Filter Include="FPS">
      <UniqueIdentifier>{1dbda975-6000-4258-8f50-2e3bee72380e}</UniqueIdentifier>
    </Filter>
  </ItemGroup>
  <ItemGroup>
    <ClCompile Include="VideoProcessor.cpp">
      <Filter>Source Files</Filter>
    </ClCompile>
    <ClCompile Include="FileHandler.cpp">
      <Filter>Source Files</Filter>
    </ClCompile>
    <ClCompile Include="VideoSrouceFactory.cpp">
      <Filter>Source Files</Filter>
    </ClCompile>
    <ClCompile Include="FilterSourceFactory.cpp">
      <Filter>Source Files</Filter>
    </ClCompile>
    <ClCompile Include="GaussianBlurFilter.cpp">
      <Filter>Filters</Filter>
    </ClCompile>
    <ClCompile Include="GreyScaleFilter.cpp">
      <Filter>Filters</Filter>
    </ClCompile>
    <ClCompile Include="genericfilter.h">
      <Filter>Filters</Filter>
    </ClCompile>
    <ClCompile Include="WebcamSource.cpp">
      <Filter>VideoSources</Filter>
    </ClCompile>
    <ClCompile Include="VideoFileSource.cpp">
      <Filter>VideoSources</Filter>
    </ClCompile>
    <ClCompile Include="FpsCounter.cpp">
      <Filter>FPS</Filter>
    </ClCompile>
    <ClCompile Include="CannyEdgeDetection.cpp">
      <Filter>Filters</Filter>
    </ClCompile>
  </ItemGroup>
  <ItemGroup>
    <ClInclude Include="videoprocessor.h">
      <Filter>Header Files</Filter>
    </ClInclude>
    <ClInclude Include="filehandler.h">
      <Filter>Header Files</Filter>
    </ClInclude>
    <ClInclude Include="sourcetype.h">
      <Filter>Header Files</Filter>
    </ClInclude>
    <ClInclude Include="videosourcefactory.h">
      <Filter>Header Files</Filter>
    </ClInclude>
    <ClInclude Include="renderapi.h">
      <Filter>Header Files</Filter>
    </ClInclude>
    <ClInclude Include="filtersourcefactory.h">
      <Filter>Header Files</Filter>
    </ClInclude>
    <ClInclude Include="gaussianblurfilter.h">
      <Filter>Filters</Filter>
    </ClInclude>
    <ClInclude Include="greyscalefilter.h">
      <Filter>Filters</Filter>
    </ClInclude>
    <ClInclude Include="ifilter.h">
      <Filter>Filters</Filter>
    </ClInclude>
    <ClInclude Include="filtertype.h">
      <Filter>Header Files</Filter>
    </ClInclude>
    <ClInclude Include="Logger.h">
      <Filter>Logger</Filter>
    </ClInclude>
    <ClInclude Include="ivideosource.h">
      <Filter>VideoSources</Filter>
    </ClInclude>
    <ClInclude Include="videofilesource.h">
      <Filter>VideoSources</Filter>
    </ClInclude>
    <ClInclude Include="webcamsource.h">
      <Filter>VideoSources</Filter>
    </ClInclude>
    <ClInclude Include="fpscounter.h">
      <Filter>FPS</Filter>
    </ClInclude>
    <ClInclude Include="cannyedge.h">
      <Filter>Filters</Filter>
    </ClInclude>
  </ItemGroup>
</Project>